
Microsoft Visual Studio Solution File, Format Version 12.00
# Visual Studio 15
VisualStudioVersion = 15.0.28010.2041
MinimumVisualStudioVersion = 10.0.40219.1
Project("{888888A0-9F3D-457C-B088-3A5042F75D52}") = "VityProject", "VityProject.pyproj", "{94372B9F-AD26-46CC-8E91-95C409BBDD93}"
EndProject
Global
	GlobalSection(SolutionConfigurationPlatforms) = preSolution
		Debug|Any CPU = Debug|Any CPU
		Release|Any CPU = Release|Any CPU
	EndGlobalSection
	GlobalSection(ProjectConfigurationPlatforms) = postSolution
		{94372B9F-AD26-46CC-8E91-95C409BBDD93}.Debug|Any CPU.ActiveCfg = Debug|Any CPU
		{94372B9F-AD26-46CC-8E91-95C409BBDD93}.Debug|Any CPU.Build.0 = Debug|Any CPU
		{94372B9F-AD26-46CC-8E91-95C409BBDD93}.Release|Any CPU.ActiveCfg = Release|Any CPU
		{94372B9F-AD26-46CC-8E91-95C409BBDD93}.Release|Any CPU.Build.0 = Release|Any CPU
	EndGlobalSection
	GlobalSection(SolutionProperties) = preSolution
		HideSolutionNode = FALSE
	EndGlobalSection
	GlobalSection(ExtensibilityGlobals) = postSolution
		SolutionGuid = {59093EC3-9208-4911-BFA0-5EBCC8F208E3}
	EndGlobalSection
EndGlobal
